
Microsoft Visual Studio Solution File, Format Version 12.00
# Visual Studio Version 16
VisualStudioVersion = 16.0.30804.86
MinimumVisualStudioVersion = 10.0.40219.1
Project("{FAE04EC0-301F-11D3-BF4B-00C04F79EFBC}") = "Meetings", "Meetings\Meetings\Meetings.csproj", "{44D0E253-94E1-44CF-A2DC-E1966A9B09FB}"
EndProject
Project("{FAE04EC0-301F-11D3-BF4B-00C04F79EFBC}") = "Meetings.Domain", "Meetings\Meetings.Domain\Meetings.Domain.csproj", "{9D23ECA3-BE6E-43B3-9FC4-38DCBDD46758}"
EndProject
Project("{FAE04EC0-301F-11D3-BF4B-00C04F79EFBC}") = "Meetings.Infrastructure", "Meetings\Meetings.Infrastructure\Meetings.Infrastructure.csproj", "{9F8CA841-349E-4D6E-8CF4-5ED47772B036}"
EndProject
Project("{FAE04EC0-301F-11D3-BF4B-00C04F79EFBC}") = "Meetings.Persistence", "Meetings\Meetings.Persistence\Meetings.Persistence.csproj", "{3A7059B7-7A13-4F62-9E48-7AA9730A3AEF}"
EndProject
Project("{FAE04EC0-301F-11D3-BF4B-00C04F79EFBC}") = "Meetings.Service", "Meetings\Meetings.Service\Meetings.Service.csproj", "{1736ACD7-E1FF-4968-BC2F-6C0A88EE311E}"
EndProject
Project("{FAE04EC0-301F-11D3-BF4B-00C04F79EFBC}") = "Meetings.Test.Integration", "Meetings\Meetings.Test.Integration\Meetings.Test.Integration.csproj", "{A448BE13-1D54-43B8-9101-016C65966EC9}"
EndProject
Project("{FAE04EC0-301F-11D3-BF4B-00C04F79EFBC}") = "Meetings.Test.Unit", "Meetings\Meetings.Test.Unit\Meetings.Test.Unit.csproj", "{7D66E0A5-04ED-4B97-A4EB-EDF11EC08A38}"
EndProject
Global
	GlobalSection(SolutionConfigurationPlatforms) = preSolution
		Debug|Any CPU = Debug|Any CPU
		Release|Any CPU = Release|Any CPU
	EndGlobalSection
	GlobalSection(ProjectConfigurationPlatforms) = postSolution
		{44D0E253-94E1-44CF-A2DC-E1966A9B09FB}.Debug|Any CPU.ActiveCfg = Debug|Any CPU
		{44D0E253-94E1-44CF-A2DC-E1966A9B09FB}.Debug|Any CPU.Build.0 = Debug|Any CPU
		{44D0E253-94E1-44CF-A2DC-E1966A9B09FB}.Release|Any CPU.ActiveCfg = Release|Any CPU
		{44D0E253-94E1-44CF-A2DC-E1966A9B09FB}.Release|Any CPU.Build.0 = Release|Any CPU
		{9D23ECA3-BE6E-43B3-9FC4-38DCBDD46758}.Debug|Any CPU.ActiveCfg = Debug|Any CPU
		{9D23ECA3-BE6E-43B3-9FC4-38DCBDD46758}.Debug|Any CPU.Build.0 = Debug|Any CPU
		{9D23ECA3-BE6E-43B3-9FC4-38DCBDD46758}.Release|Any CPU.ActiveCfg = Release|Any CPU
		{9D23ECA3-BE6E-43B3-9FC4-38DCBDD46758}.Release|Any CPU.Build.0 = Release|Any CPU
		{9F8CA841-349E-4D6E-8CF4-5ED47772B036}.Debug|Any CPU.ActiveCfg = Debug|Any CPU
		{9F8CA841-349E-4D6E-8CF4-5ED47772B036}.Debug|Any CPU.Build.0 = Debug|Any CPU
		{9F8CA841-349E-4D6E-8CF4-5ED47772B036}.Release|Any CPU.ActiveCfg = Release|Any CPU
		{9F8CA841-349E-4D6E-8CF4-5ED47772B036}.Release|Any CPU.Build.0 = Release|Any CPU
		{3A7059B7-7A13-4F62-9E48-7AA9730A3AEF}.Debug|Any CPU.ActiveCfg = Debug|Any CPU
		{3A7059B7-7A13-4F62-9E48-7AA9730A3AEF}.Debug|Any CPU.Build.0 = Debug|Any CPU
		{3A7059B7-7A13-4F62-9E48-7AA9730A3AEF}.Release|Any CPU.ActiveCfg = Release|Any CPU
		{3A7059B7-7A13-4F62-9E48-7AA9730A3AEF}.Release|Any CPU.Build.0 = Release|Any CPU
		{1736ACD7-E1FF-4968-BC2F-6C0A88EE311E}.Debug|Any CPU.ActiveCfg = Debug|Any CPU
		{1736ACD7-E1FF-4968-BC2F-6C0A88EE311E}.Debug|Any CPU.Build.0 = Debug|Any CPU
		{1736ACD7-E1FF-4968-BC2F-6C0A88EE311E}.Release|Any CPU.ActiveCfg = Release|Any CPU
		{1736ACD7-E1FF-4968-BC2F-6C0A88EE311E}.Release|Any CPU.Build.0 = Release|Any CPU
		{A448BE13-1D54-43B8-9101-016C65966EC9}.Debug|Any CPU.ActiveCfg = Debug|Any CPU
		{A448BE13-1D54-43B8-9101-016C65966EC9}.Debug|Any CPU.Build.0 = Debug|Any CPU
		{A448BE13-1D54-43B8-9101-016C65966EC9}.Release|Any CPU.ActiveCfg = Release|Any CPU
		{A448BE13-1D54-43B8-9101-016C65966EC9}.Release|Any CPU.Build.0 = Release|Any CPU
		{7D66E0A5-04ED-4B97-A4EB-EDF11EC08A38}.Debug|Any CPU.ActiveCfg = Debug|Any CPU
		{7D66E0A5-04ED-4B97-A4EB-EDF11EC08A38}.Debug|Any CPU.Build.0 = Debug|Any CPU
		{7D66E0A5-04ED-4B97-A4EB-EDF11EC08A38}.Release|Any CPU.ActiveCfg = Release|Any CPU
		{7D66E0A5-04ED-4B97-A4EB-EDF11EC08A38}.Release|Any CPU.Build.0 = Release|Any CPU
	EndGlobalSection
	GlobalSection(SolutionProperties) = preSolution
		HideSolutionNode = FALSE
	EndGlobalSection
	GlobalSection(ExtensibilityGlobals) = postSolution
		SolutionGuid = {61CCBB14-F3E0-4F6B-8F50-D7A3AC6680AA}
	EndGlobalSection
EndGlobal
